
Microsoft Visual Studio Solution File, Format Version 12.00
# Visual Studio Version 17
VisualStudioVersion = 17.4.33103.184
MinimumVisualStudioVersion = 10.0.40219.1
Project("{FAE04EC0-301F-11D3-BF4B-00C04F79EFBC}") = "AddressBook", "AddressBook.csproj", "{C39C9B09-539D-41DE-B036-F53293012BA9}"
EndProject
Global
	GlobalSection(SolutionConfigurationPlatforms) = preSolution
		Debug|Any CPU = Debug|Any CPU
		Release|Any CPU = Release|Any CPU
	EndGlobalSection
	GlobalSection(ProjectConfigurationPlatforms) = postSolution
		{C39C9B09-539D-41DE-B036-F53293012BA9}.Debug|Any CPU.ActiveCfg = Debug|Any CPU
		{C39C9B09-539D-41DE-B036-F53293012BA9}.Debug|Any CPU.Build.0 = Debug|Any CPU
		{C39C9B09-539D-41DE-B036-F53293012BA9}.Release|Any CPU.ActiveCfg = Release|Any CPU
		{C39C9B09-539D-41DE-B036-F53293012BA9}.Release|Any CPU.Build.0 = Release|Any CPU
	EndGlobalSection
	GlobalSection(SolutionProperties) = preSolution
		HideSolutionNode = FALSE
	EndGlobalSection
	GlobalSection(ExtensibilityGlobals) = postSolution
		SolutionGuid = {359120E3-59D1-4946-8057-2315BE137557}
	EndGlobalSection
EndGlobal
